// !$*UTF8*$!
{
	archiveVersion = 1;
	classes = {
	};
	objectVersion = 55;
	objects = {

/* Begin PBXBuildFile section */
		335CD58F284F101D0066CF11 /* Dinosour.swift in Sources */ = {isa = PBXBuildFile; fileRef = 335CD58E284F101D0066CF11 /* Dinosour.swift */; };
		335CD592284F69E60066CF11 /* background.wav in Resources */ = {isa = PBXBuildFile; fileRef = 335CD591284F69E60066CF11 /* background.wav */; };
		33D0BBD82850538B00A3439B /* jump04.wav in Resources */ = {isa = PBXBuildFile; fileRef = 33D0BBD72850538B00A3439B /* jump04.wav */; };
		33D0BBDA28507FEB00A3439B /* Jelly.swift in Sources */ = {isa = PBXBuildFile; fileRef = 33D0BBD928507FEB00A3439B /* Jelly.swift */; };
		33D0BBDC28508F6900A3439B /* bleed.wav in Resources */ = {isa = PBXBuildFile; fileRef = 33D0BBDB28508F6900A3439B /* bleed.wav */; };
		33D0BBDE28509AC100A3439B /* dead.wav in Resources */ = {isa = PBXBuildFile; fileRef = 33D0BBDD28509AC100A3439B /* dead.wav */; };
		33D0BBE02850EE5300A3439B /* Player.swift in Sources */ = {isa = PBXBuildFile; fileRef = 33D0BBDF2850EE5300A3439B /* Player.swift */; };
		33EDEB10284C83BA002FCFA4 /* AppDelegate.swift in Sources */ = {isa = PBXBuildFile; fileRef = 33EDEB0F284C83BA002FCFA4 /* AppDelegate.swift */; };
		33EDEB12284C83BA002FCFA4 /* SceneDelegate.swift in Sources */ = {isa = PBXBuildFile; fileRef = 33EDEB11284C83BA002FCFA4 /* SceneDelegate.swift */; };
		33EDEB14284C83BA002FCFA4 /* ViewController.swift in Sources */ = {isa = PBXBuildFile; fileRef = 33EDEB13284C83BA002FCFA4 /* ViewController.swift */; };
		33EDEB17284C83BA002FCFA4 /* Main.storyboard in Resources */ = {isa = PBXBuildFile; fileRef = 33EDEB15284C83BA002FCFA4 /* Main.storyboard */; };
		33EDEB19284C83BC002FCFA4 /* Assets.xcassets in Resources */ = {isa = PBXBuildFile; fileRef = 33EDEB18284C83BC002FCFA4 /* Assets.xcassets */; };
		33EDEB1C284C83BC002FCFA4 /* LaunchScreen.storyboard in Resources */ = {isa = PBXBuildFile; fileRef = 33EDEB1A284C83BC002FCFA4 /* LaunchScreen.storyboard */; };
/* End PBXBuildFile section */

/* Begin PBXFileReference section */
		335CD58E284F101D0066CF11 /* Dinosour.swift */ = {isa = PBXFileReference; lastKnownFileType = sourcecode.swift; path = Dinosour.swift; sourceTree = "<group>"; };
		335CD591284F69E60066CF11 /* background.wav */ = {isa = PBXFileReference; lastKnownFileType = audio.wav; path = background.wav; sourceTree = "<group>"; };
		33D0BBD72850538B00A3439B /* jump04.wav */ = {isa = PBXFileReference; lastKnownFileType = audio.wav; path = jump04.wav; sourceTree = "<group>"; };
		33D0BBD928507FEB00A3439B /* Jelly.swift */ = {isa = PBXFileReference; lastKnownFileType = sourcecode.swift; path = Jelly.swift; sourceTree = "<group>"; };
		33D0BBDB28508F6900A3439B /* bleed.wav */ = {isa = PBXFileReference; lastKnownFileType = audio.wav; path = bleed.wav; sourceTree = "<group>"; };
		33D0BBDD28509AC100A3439B /* dead.wav */ = {isa = PBXFileReference; lastKnownFileType = audio.wav; path = dead.wav; sourceTree = "<group>"; };
		33D0BBDF2850EE5300A3439B /* Player.swift */ = {isa = PBXFileReference; lastKnownFileType = sourcecode.swift; path = Player.swift; sourceTree = "<group>"; };
		33EDEB0C284C83BA002FCFA4 /* Day2-3-exercise.app */ = {isa = PBXFileReference; explicitFileType = wrapper.application; includeInIndex = 0; path = "Day2-3-exercise.app"; sourceTree = BUILT_PRODUCTS_DIR; };
		33EDEB0F284C83BA002FCFA4 /* AppDelegate.swift */ = {isa = PBXFileReference; lastKnownFileType = sourcecode.swift; path = AppDelegate.swift; sourceTree = "<group>"; };
		33EDEB11284C83BA002FCFA4 /* SceneDelegate.swift */ = {isa = PBXFileReference; lastKnownFileType = sourcecode.swift; path = SceneDelegate.swift; sourceTree = "<group>"; };
		33EDEB13284C83BA002FCFA4 /* ViewController.swift */ = {isa = PBXFileReference; lastKnownFileType = sourcecode.swift; path = ViewController.swift; sourceTree = "<group>"; };
		33EDEB16284C83BA002FCFA4 /* Base */ = {isa = PBXFileReference; lastKnownFileType = file.storyboard; name = Base; path = Base.lproj/Main.storyboard; sourceTree = "<group>"; };
		33EDEB18284C83BC002FCFA4 /* Assets.xcassets */ = {isa = PBXFileReference; lastKnownFileType = folder.assetcatalog; path = Assets.xcassets; sourceTree = "<group>"; };
		33EDEB1B284C83BC002FCFA4 /* Base */ = {isa = PBXFileReference; lastKnownFileType = file.storyboard; name = Base; path = Base.lproj/LaunchScreen.storyboard; sourceTree = "<group>"; };
		33EDEB1D284C83BC002FCFA4 /* Info.plist */ = {isa = PBXFileReference; lastKnownFileType = text.plist.xml; path = Info.plist; sourceTree = "<group>"; };
/* End PBXFileReference section */

/* Begin PBXFrameworksBuildPhase section */
		33EDEB09284C83BA002FCFA4 /* Frameworks */ = {
			isa = PBXFrameworksBuildPhase;
			buildActionMask = 2147483647;
			files = (
			);
			runOnlyForDeploymentPostprocessing = 0;
		};
/* End PBXFrameworksBuildPhase section */

/* Begin PBXGroup section */
		335CD590284F698E0066CF11 /* sounds */ = {
			isa = PBXGroup;
			children = (
				33D0BBDD28509AC100A3439B /* dead.wav */,
				33D0BBDB28508F6900A3439B /* bleed.wav */,
				33D0BBD72850538B00A3439B /* jump04.wav */,
				335CD591284F69E60066CF11 /* background.wav */,
			);
			path = sounds;
			sourceTree = "<group>";
		};
		33D0BBE12850F09300A3439B /* libs */ = {
			isa = PBXGroup;
			children = (
				335CD58E284F101D0066CF11 /* Dinosour.swift */,
				33D0BBD928507FEB00A3439B /* Jelly.swift */,
				33D0BBDF2850EE5300A3439B /* Player.swift */,
			);
			path = libs;
			sourceTree = "<group>";
		};
		33EDEB03284C83BA002FCFA4 = {
			isa = PBXGroup;
			children = (
				33EDEB0E284C83BA002FCFA4 /* Day2-3-exercise */,
				33EDEB0D284C83BA002FCFA4 /* Products */,
			);
			sourceTree = "<group>";
		};
		33EDEB0D284C83BA002FCFA4 /* Products */ = {
			isa = PBXGroup;
			children = (
				33EDEB0C284C83BA002FCFA4 /* Day2-3-exercise.app */,
			);
			name = Products;
			sourceTree = "<group>";
		};
		33EDEB0E284C83BA002FCFA4 /* Day2-3-exercise */ = {
			isa = PBXGroup;
			children = (
				33D0BBE12850F09300A3439B /* libs */,
				335CD590284F698E0066CF11 /* sounds */,
				33EDEB0F284C83BA002FCFA4 /* AppDelegate.swift */,
				33EDEB11284C83BA002FCFA4 /* SceneDelegate.swift */,
				33EDEB13284C83BA002FCFA4 /* ViewController.swift */,
				33EDEB15284C83BA002FCFA4 /* Main.storyboard */,
				33EDEB18284C83BC002FCFA4 /* Assets.xcassets */,
				33EDEB1A284C83BC002FCFA4 /* LaunchScreen.storyboard */,
				33EDEB1D284C83BC002FCFA4 /* Info.plist */,
			);
			path = "Day2-3-exercise";
			sourceTree = "<group>";
		};
/* End PBXGroup section */

/* Begin PBXNativeTarget section */
		33EDEB0B284C83BA002FCFA4 /* Day2-3-exercise */ = {
			isa = PBXNativeTarget;
			buildConfigurationList = 33EDEB20284C83BC002FCFA4 /* Build configuration list for PBXNativeTarget "Day2-3-exercise" */;
			buildPhases = (
				33EDEB08284C83BA002FCFA4 /* Sources */,
				33EDEB09284C83BA002FCFA4 /* Frameworks */,
				33EDEB0A284C83BA002FCFA4 /* Resources */,
			);
			buildRules = (
			);
			dependencies = (
			);
			name = "Day2-3-exercise";
			productName = "Day2-3-exercise";
			productReference = 33EDEB0C284C83BA002FCFA4 /* Day2-3-exercise.app */;
			productType = "com.apple.product-type.application";
		};
/* End PBXNativeTarget section */

/* Begin PBXProject section */
		33EDEB04284C83BA002FCFA4 /* Project object */ = {
			isa = PBXProject;
			attributes = {
				BuildIndependentTargetsInParallel = 1;
				LastSwiftUpdateCheck = 1330;
				LastUpgradeCheck = 1330;
				TargetAttributes = {
					33EDEB0B284C83BA002FCFA4 = {
						CreatedOnToolsVersion = 13.3;
					};
				};
			};
			buildConfigurationList = 33EDEB07284C83BA002FCFA4 /* Build configuration list for PBXProject "Day2-3-exercise" */;
			compatibilityVersion = "Xcode 13.0";
			developmentRegion = en;
			hasScannedForEncodings = 0;
			knownRegions = (
				en,
				Base,
			);
			mainGroup = 33EDEB03284C83BA002FCFA4;
			productRefGroup = 33EDEB0D284C83BA002FCFA4 /* Products */;
			projectDirPath = "";
			projectRoot = "";
			targets = (
				33EDEB0B284C83BA002FCFA4 /* Day2-3-exercise */,
			);
		};
/* End PBXProject section */

/* Begin PBXResourcesBuildPhase section */
		33EDEB0A284C83BA002FCFA4 /* Resources */ = {
			isa = PBXResourcesBuildPhase;
			buildActionMask = 2147483647;
			files = (
				33EDEB1C284C83BC002FCFA4 /* LaunchScreen.storyboard in Resources */,
				33D0BBDE28509AC100A3439B /* dead.wav in Resources */,
				33EDEB19284C83BC002FCFA4 /* Assets.xcassets in Resources */,
				335CD592284F69E60066CF11 /* background.wav in Resources */,
				33EDEB17284C83BA002FCFA4 /* Main.storyboard in Resources */,
				33D0BBD82850538B00A3439B /* jump04.wav in Resources */,
				33D0BBDC28508F6900A3439B /* bleed.wav in Resources */,
			);
			runOnlyForDeploymentPostprocessing = 0;
		};
/* End PBXResourcesBuildPhase section */

/* Begin PBXSourcesBuildPhase section */
		33EDEB08284C83BA002FCFA4 /* Sources */ = {
			isa = PBXSourcesBuildPhase;
			buildActionMask = 2147483647;
			files = (
				335CD58F284F101D0066CF11 /* Dinosour.swift in Sources */,
				33EDEB14284C83BA002FCFA4 /* ViewController.swift in Sources */,
				33D0BBDA28507FEB00A3439B /* Jelly.swift in Sources */,
				33EDEB10284C83BA002FCFA4 /* AppDelegate.swift in Sources */,
				33D0BBE02850EE5300A3439B /* Player.swift in Sources */,
				33EDEB12284C83BA002FCFA4 /* SceneDelegate.swift in Sources */,
			);
			runOnlyForDeploymentPostprocessing = 0;
		};
/* End PBXSourcesBuildPhase section */

/* Begin PBXVariantGroup section */
		33EDEB15284C83BA002FCFA4 /* Main.storyboard */ = {
			isa = PBXVariantGroup;
			children = (
				33EDEB16284C83BA002FCFA4 /* Base */,
			);
			name = Main.storyboard;
			sourceTree = "<group>";
		};
		33EDEB1A284C83BC002FCFA4 /* LaunchScreen.storyboard */ = {
			isa = PBXVariantGroup;
			children = (
				33EDEB1B284C83BC002FCFA4 /* Base */,
			);
			name = LaunchScreen.storyboard;
			sourceTree = "<group>";
		};
/* End PBXVariantGroup section */

/* Begin XCBuildConfiguration section */
		33EDEB1E284C83BC002FCFA4 /* Debug */ = {
			isa = XCBuildConfiguration;
			buildSettings = {
				ALWAYS_SEARCH_USER_PATHS = NO;
				CLANG_ANALYZER_NONNULL = YES;
				CLANG_ANALYZER_NUMBER_OBJECT_CONVERSION = YES_AGGRESSIVE;
				CLANG_CXX_LANGUAGE_STANDARD = "gnu++17";
				CLANG_ENABLE_MODULES = YES;
				CLANG_ENABLE_OBJC_ARC = YES;
				CLANG_ENABLE_OBJC_WEAK = YES;
				CLANG_WARN_BLOCK_CAPTURE_AUTORELEASING = YES;
				CLANG_WARN_BOOL_CONVERSION = YES;
				CLANG_WARN_COMMA = YES;
				CLANG_WARN_CONSTANT_CONVERSION = YES;
				CLANG_WARN_DEPRECATED_OBJC_IMPLEMENTATIONS = YES;
				CLANG_WARN_DIRECT_OBJC_ISA_USAGE = YES_ERROR;
				CLANG_WARN_DOCUMENTATION_COMMENTS = YES;
				CLANG_WARN_EMPTY_BODY = YES;
				CLANG_WARN_ENUM_CONVERSION = YES;
				CLANG_WARN_INFINITE_RECURSION = YES;
				CLANG_WARN_INT_CONVERSION = YES;
				CLANG_WARN_NON_LITERAL_NULL_CONVERSION = YES;
				CLANG_WARN_OBJC_IMPLICIT_RETAIN_SELF = YES;
				CLANG_WARN_OBJC_LITERAL_CONVERSION = YES;
				CLANG_WARN_OBJC_ROOT_CLASS = YES_ERROR;
				CLANG_WARN_QUOTED_INCLUDE_IN_FRAMEWORK_HEADER = YES;
				CLANG_WARN_RANGE_LOOP_ANALYSIS = YES;
				CLANG_WARN_STRICT_PROTOTYPES = YES;
				CLANG_WARN_SUSPICIOUS_MOVE = YES;
				CLANG_WARN_UNGUARDED_AVAILABILITY = YES_AGGRESSIVE;
				CLANG_WARN_UNREACHABLE_CODE = YES;
				CLANG_WARN__DUPLICATE_METHOD_MATCH = YES;
				COPY_PHASE_STRIP = NO;
				DEBUG_INFORMATION_FORMAT = dwarf;
				ENABLE_STRICT_OBJC_MSGSEND = YES;
				ENABLE_TESTABILITY = YES;
				GCC_C_LANGUAGE_STANDARD = gnu11;
				GCC_DYNAMIC_NO_PIC = NO;
				GCC_NO_COMMON_BLOCKS = YES;
				GCC_OPTIMIZATION_LEVEL = 0;
				GCC_PREPROCESSOR_DEFINITIONS = (
					"DEBUG=1",
					"$(inherited)",
				);
				GCC_WARN_64_TO_32_BIT_CONVERSION = YES;
				GCC_WARN_ABOUT_RETURN_TYPE = YES_ERROR;
				GCC_WARN_UNDECLARED_SELECTOR = YES;
				GCC_WARN_UNINITIALIZED_AUTOS = YES_AGGRESSIVE;
				GCC_WARN_UNUSED_FUNCTION = YES;
				GCC_WARN_UNUSED_VARIABLE = YES;
				IPHONEOS_DEPLOYMENT_TARGET = 15.4;
				MTL_ENABLE_DEBUG_INFO = INCLUDE_SOURCE;
				MTL_FAST_MATH = YES;
				ONLY_ACTIVE_ARCH = YES;
				SDKROOT = iphoneos;
				SWIFT_ACTIVE_COMPILATION_CONDITIONS = DEBUG;
				SWIFT_OPTIMIZATION_LEVEL = "-Onone";
			};
			name = Debug;
		};
		33EDEB1F284C83BC002FCFA4 /* Release */ = {
			isa = XCBuildConfiguration;
			buildSettings = {
				ALWAYS_SEARCH_USER_PATHS = NO;
				CLANG_ANALYZER_NONNULL = YES;
				CLANG_ANALYZER_NUMBER_OBJECT_CONVERSION = YES_AGGRESSIVE;
				CLANG_CXX_LANGUAGE_STANDARD = "gnu++17";
				CLANG_ENABLE_MODULES = YES;
				CLANG_ENABLE_OBJC_ARC = YES;
				CLANG_ENABLE_OBJC_WEAK = YES;
				CLANG_WARN_BLOCK_CAPTURE_AUTORELEASING = YES;
				CLANG_WARN_BOOL_CONVERSION = YES;
				CLANG_WARN_COMMA = YES;
				CLANG_WARN_CONSTANT_CONVERSION = YES;
				CLANG_WARN_DEPRECATED_OBJC_IMPLEMENTATIONS = YES;
				CLANG_WARN_DIRECT_OBJC_ISA_USAGE = YES_ERROR;
				CLANG_WARN_DOCUMENTATION_COMMENTS = YES;
				CLANG_WARN_EMPTY_BODY = YES;
				CLANG_WARN_ENUM_CONVERSION = YES;
				CLANG_WARN_INFINITE_RECURSION = YES;
				CLANG_WARN_INT_CONVERSION = YES;
				CLANG_WARN_NON_LITERAL_NULL_CONVERSION = YES;
				CLANG_WARN_OBJC_IMPLICIT_RETAIN_SELF = YES;
				CLANG_WARN_OBJC_LITERAL_CONVERSION = YES;
				CLANG_WARN_OBJC_ROOT_CLASS = YES_ERROR;
				CLANG_WARN_QUOTED_INCLUDE_IN_FRAMEWORK_HEADER = YES;
				CLANG_WARN_RANGE_LOOP_ANALYSIS = YES;
				CLANG_WARN_STRICT_PROTOTYPES = YES;
				CLANG_WARN_SUSPICIOUS_MOVE = YES;
				CLANG_WARN_UNGUARDED_AVAILABILITY = YES_AGGRESSIVE;
				CLANG_WARN_UNREACHABLE_CODE = YES;
				CLANG_WARN__DUPLICATE_METHOD_MATCH = YES;
				COPY_PHASE_STRIP = NO;
				DEBUG_INFORMATION_FORMAT = "dwarf-with-dsym";
				ENABLE_NS_ASSERTIONS = NO;
				ENABLE_STRICT_OBJC_MSGSEND = YES;
				GCC_C_LANGUAGE_STANDARD = gnu11;
				GCC_NO_COMMON_BLOCKS = YES;
				GCC_WARN_64_TO_32_BIT_CONVERSION = YES;
				GCC_WARN_ABOUT_RETURN_TYPE = YES_ERROR;
				GCC_WARN_UNDECLARED_SELECTOR = YES;
				GCC_WARN_UNINITIALIZED_AUTOS = YES_AGGRESSIVE;
				GCC_WARN_UNUSED_FUNCTION = YES;
				GCC_WARN_UNUSED_VARIABLE = YES;
				IPHONEOS_DEPLOYMENT_TARGET = 15.4;
				MTL_ENABLE_DEBUG_INFO = NO;
				MTL_FAST_MATH = YES;
				SDKROOT = iphoneos;
				SWIFT_COMPILATION_MODE = wholemodule;
				SWIFT_OPTIMIZATION_LEVEL = "-O";
				VALIDATE_PRODUCT = YES;
			};
			name = Release;
		};
		33EDEB21284C83BC002FCFA4 /* Debug */ = {
			isa = XCBuildConfiguration;
			buildSettings = {
				ASSETCATALOG_COMPILER_APPICON_NAME = AppIcon;
				ASSETCATALOG_COMPILER_GLOBAL_ACCENT_COLOR_NAME = AccentColor;
				CODE_SIGN_STYLE = Automatic;
				CURRENT_PROJECT_VERSION = 1;
				GENERATE_INFOPLIST_FILE = YES;
				INFOPLIST_FILE = "Day2-3-exercise/Info.plist";
				INFOPLIST_KEY_UIApplicationSupportsIndirectInputEvents = YES;
				INFOPLIST_KEY_UILaunchStoryboardName = LaunchScreen;
				INFOPLIST_KEY_UIMainStoryboardFile = Main;
				INFOPLIST_KEY_UISupportedInterfaceOrientations = "UIInterfaceOrientationLandscapeLeft UIInterfaceOrientationLandscapeRight";
				INFOPLIST_KEY_UISupportedInterfaceOrientations_iPad = "UIInterfaceOrientationPortrait UIInterfaceOrientationPortraitUpsideDown UIInterfaceOrientationLandscapeLeft UIInterfaceOrientationLandscapeRight";
				INFOPLIST_KEY_UISupportedInterfaceOrientations_iPhone = "UIInterfaceOrientationPortrait UIInterfaceOrientationLandscapeLeft UIInterfaceOrientationLandscapeRight";
				LD_RUNPATH_SEARCH_PATHS = (
					"$(inherited)",
					"@executable_path/Frameworks",
				);
				MARKETING_VERSION = 1.0;
				PRODUCT_BUNDLE_IDENTIFIER = "com.quyen.Day2-3-exercise";
				PRODUCT_NAME = "$(TARGET_NAME)";
				SWIFT_EMIT_LOC_STRINGS = YES;
				SWIFT_VERSION = 5.0;
				TARGETED_DEVICE_FAMILY = "1,2";
			};
			name = Debug;
		};
		33EDEB22284C83BC002FCFA4 /* Release */ = {
			isa = XCBuildConfiguration;
			buildSettings = {
				ASSETCATALOG_COMPILER_APPICON_NAME = AppIcon;
				ASSETCATALOG_COMPILER_GLOBAL_ACCENT_COLOR_NAME = AccentColor;
				CODE_SIGN_STYLE = Automatic;
				CURRENT_PROJECT_VERSION = 1;
				GENERATE_INFOPLIST_FILE = YES;
				INFOPLIST_FILE = "Day2-3-exercise/Info.plist";
				INFOPLIST_KEY_UIApplicationSupportsIndirectInputEvents = YES;
				INFOPLIST_KEY_UILaunchStoryboardName = LaunchScreen;
				INFOPLIST_KEY_UIMainStoryboardFile = Main;
				INFOPLIST_KEY_UISupportedInterfaceOrientations = "UIInterfaceOrientationLandscapeLeft UIInterfaceOrientationLandscapeRight";
				INFOPLIST_KEY_UISupportedInterfaceOrientations_iPad = "UIInterfaceOrientationPortrait UIInterfaceOrientationPortraitUpsideDown UIInterfaceOrientationLandscapeLeft UIInterfaceOrientationLandscapeRight";
				INFOPLIST_KEY_UISupportedInterfaceOrientations_iPhone = "UIInterfaceOrientationPortrait UIInterfaceOrientationLandscapeLeft UIInterfaceOrientationLandscapeRight";
				LD_RUNPATH_SEARCH_PATHS = (
					"$(inherited)",
					"@executable_path/Frameworks",
				);
				MARKETING_VERSION = 1.0;
				PRODUCT_BUNDLE_IDENTIFIER = "com.quyen.Day2-3-exercise";
				PRODUCT_NAME = "$(TARGET_NAME)";
				SWIFT_EMIT_LOC_STRINGS = YES;
				SWIFT_VERSION = 5.0;
				TARGETED_DEVICE_FAMILY = "1,2";
			};
			name = Release;
		};
/* End XCBuildConfiguration section */

/* Begin XCConfigurationList section */
		33EDEB07284C83BA002FCFA4 /* Build configuration list for PBXProject "Day2-3-exercise" */ = {
			isa = XCConfigurationList;
			buildConfigurations = (
				33EDEB1E284C83BC002FCFA4 /* Debug */,
				33EDEB1F284C83BC002FCFA4 /* Release */,
			);
			defaultConfigurationIsVisible = 0;
			defaultConfigurationName = Release;
		};
		33EDEB20284C83BC002FCFA4 /* Build configuration list for PBXNativeTarget "Day2-3-exercise" */ = {
			isa = XCConfigurationList;
			buildConfigurations = (
				33EDEB21284C83BC002FCFA4 /* Debug */,
				33EDEB22284C83BC002FCFA4 /* Release */,
			);
			defaultConfigurationIsVisible = 0;
			defaultConfigurationName = Release;
		};
/* End XCConfigurationList section */
	};
	rootObject = 33EDEB04284C83BA002FCFA4 /* Project object */;
}
